
Microsoft Visual Studio Solution File, Format Version 12.00
# Visual Studio Version 17
VisualStudioVersion = 17.8.34322.80
MinimumVisualStudioVersion = 10.0.40219.1
Project("{FAE04EC0-301F-11D3-BF4B-00C04F79EFBC}") = "MockHttpClient", "MockHttpClient\MockHttpClient.csproj", "{094C62E6-93AB-4083-A5CB-769CEE1A02AA}"
EndProject
Global
	GlobalSection(SolutionConfigurationPlatforms) = preSolution
		Debug|Any CPU = Debug|Any CPU
		Release|Any CPU = Release|Any CPU
	EndGlobalSection
	GlobalSection(ProjectConfigurationPlatforms) = postSolution
		{094C62E6-93AB-4083-A5CB-769CEE1A02AA}.Debug|Any CPU.ActiveCfg = Debug|Any CPU
		{094C62E6-93AB-4083-A5CB-769CEE1A02AA}.Debug|Any CPU.Build.0 = Debug|Any CPU
		{094C62E6-93AB-4083-A5CB-769CEE1A02AA}.Release|Any CPU.ActiveCfg = Release|Any CPU
		{094C62E6-93AB-4083-A5CB-769CEE1A02AA}.Release|Any CPU.Build.0 = Release|Any CPU
	EndGlobalSection
	GlobalSection(SolutionProperties) = preSolution
		HideSolutionNode = FALSE
	EndGlobalSection
	GlobalSection(ExtensibilityGlobals) = postSolution
		SolutionGuid = {56E63FBA-8A06-4624-A2E4-458F5E2FE429}
	EndGlobalSection
EndGlobal
